
Microsoft Visual Studio Solution File, Format Version 12.00
# Visual Studio Version 17
VisualStudioVersion = 17.6.33723.286
MinimumVisualStudioVersion = 10.0.40219.1
Project("{9A19103F-16F7-4668-BE54-9A1E7A4F7556}") = "Shopping.Client", "Shopping.Client\Shopping.Client.csproj", "{584C659F-88C5-4FBA-89B1-0FEFA8092BD8}"
EndProject
Project("{9A19103F-16F7-4668-BE54-9A1E7A4F7556}") = "Shopping.API", "Shopping.API\Shopping.API.csproj", "{85FDE929-D877-47A7-91A3-76566A4F72D5}"
EndProject
Project("{E53339B2-1760-4266-BCC7-CA923CBCF16C}") = "docker-compose", "docker-compose.dcproj", "{3FAE9E64-B32D-4717-80BF-8CB86F5673FA}"
EndProject
Global
	GlobalSection(SolutionConfigurationPlatforms) = preSolution
		Debug|Any CPU = Debug|Any CPU
		Release|Any CPU = Release|Any CPU
	EndGlobalSection
	GlobalSection(ProjectConfigurationPlatforms) = postSolution
		{584C659F-88C5-4FBA-89B1-0FEFA8092BD8}.Debug|Any CPU.ActiveCfg = Debug|Any CPU
		{584C659F-88C5-4FBA-89B1-0FEFA8092BD8}.Debug|Any CPU.Build.0 = Debug|Any CPU
		{584C659F-88C5-4FBA-89B1-0FEFA8092BD8}.Release|Any CPU.ActiveCfg = Release|Any CPU
		{584C659F-88C5-4FBA-89B1-0FEFA8092BD8}.Release|Any CPU.Build.0 = Release|Any CPU
		{85FDE929-D877-47A7-91A3-76566A4F72D5}.Debug|Any CPU.ActiveCfg = Debug|Any CPU
		{85FDE929-D877-47A7-91A3-76566A4F72D5}.Debug|Any CPU.Build.0 = Debug|Any CPU
		{85FDE929-D877-47A7-91A3-76566A4F72D5}.Release|Any CPU.ActiveCfg = Release|Any CPU
		{85FDE929-D877-47A7-91A3-76566A4F72D5}.Release|Any CPU.Build.0 = Release|Any CPU
		{3FAE9E64-B32D-4717-80BF-8CB86F5673FA}.Debug|Any CPU.ActiveCfg = Debug|Any CPU
		{3FAE9E64-B32D-4717-80BF-8CB86F5673FA}.Debug|Any CPU.Build.0 = Debug|Any CPU
		{3FAE9E64-B32D-4717-80BF-8CB86F5673FA}.Release|Any CPU.ActiveCfg = Release|Any CPU
		{3FAE9E64-B32D-4717-80BF-8CB86F5673FA}.Release|Any CPU.Build.0 = Release|Any CPU
	EndGlobalSection
	GlobalSection(SolutionProperties) = preSolution
		HideSolutionNode = FALSE
	EndGlobalSection
	GlobalSection(ExtensibilityGlobals) = postSolution
		SolutionGuid = {D84A56B1-883D-4FE3-A8EB-9D1B7677D17F}
	EndGlobalSection
EndGlobal
